{
  "name": "example",
  "version": "1.0.0",
  "lockfileVersion": 3,
  "requires": true,
  "packages": {
    "": {
      "name": "example",
      "version": "1.0.0",
      "dependencies": {
        "tson-js": "file:../packages/tson-js"
      }
    },
    "../packages/tson-js": {
      "version": "0.1.0",
      "license": "MIT",
      "devDependencies": {
        "@jest/globals": "^29.7.0",
        "@types/jest": "^29.5.4",
        "@types/node": "^20.5.9",
        "@typescript-eslint/eslint-plugin": "^6.6.0",
        "@typescript-eslint/parser": "^6.6.0",
        "eslint": "^8.48.0",
        "jest": "^29.6.4",
        "ts-jest": "^29.1.1",
        "typescript": "^5.2.2"
      }
    },
    "node_modules/tson-js": {
      "resolved": "../packages/tson-js",
      "link": true
    }
  }
}
